
Microsoft Visual Studio Solution File, Format Version 12.00
# Visual Studio Version 16
VisualStudioVersion = 16.0.31729.503
MinimumVisualStudioVersion = 10.0.40219.1
Project("{9A19103F-16F7-4668-BE54-9A1E7A4F7556}") = "MobileOperator", "MobileOperator\MobileOperator.csproj", "{1002017E-825B-4BDB-9056-945BB321757E}"
EndProject
Project("{FAE04EC0-301F-11D3-BF4B-00C04F79EFBC}") = "DAL", "DAL\DAL.csproj", "{52B67F8B-FBB9-48CD-99DF-23699E80DCA9}"
EndProject
Project("{FAE04EC0-301F-11D3-BF4B-00C04F79EFBC}") = "BLL", "BLL\BLL.csproj", "{319AF2C9-1FDC-475B-9B67-D2E424DC6127}"
EndProject
Global
	GlobalSection(SolutionConfigurationPlatforms) = preSolution
		Debug|Any CPU = Debug|Any CPU
		Release|Any CPU = Release|Any CPU
	EndGlobalSection
	GlobalSection(ProjectConfigurationPlatforms) = postSolution
		{1002017E-825B-4BDB-9056-945BB321757E}.Debug|Any CPU.ActiveCfg = Debug|Any CPU
		{1002017E-825B-4BDB-9056-945BB321757E}.Debug|Any CPU.Build.0 = Debug|Any CPU
		{1002017E-825B-4BDB-9056-945BB321757E}.Release|Any CPU.ActiveCfg = Release|Any CPU
		{1002017E-825B-4BDB-9056-945BB321757E}.Release|Any CPU.Build.0 = Release|Any CPU
		{52B67F8B-FBB9-48CD-99DF-23699E80DCA9}.Debug|Any CPU.ActiveCfg = Debug|Any CPU
		{52B67F8B-FBB9-48CD-99DF-23699E80DCA9}.Debug|Any CPU.Build.0 = Debug|Any CPU
		{52B67F8B-FBB9-48CD-99DF-23699E80DCA9}.Release|Any CPU.ActiveCfg = Release|Any CPU
		{52B67F8B-FBB9-48CD-99DF-23699E80DCA9}.Release|Any CPU.Build.0 = Release|Any CPU
		{319AF2C9-1FDC-475B-9B67-D2E424DC6127}.Debug|Any CPU.ActiveCfg = Debug|Any CPU
		{319AF2C9-1FDC-475B-9B67-D2E424DC6127}.Debug|Any CPU.Build.0 = Debug|Any CPU
		{319AF2C9-1FDC-475B-9B67-D2E424DC6127}.Release|Any CPU.ActiveCfg = Release|Any CPU
		{319AF2C9-1FDC-475B-9B67-D2E424DC6127}.Release|Any CPU.Build.0 = Release|Any CPU
	EndGlobalSection
	GlobalSection(SolutionProperties) = preSolution
		HideSolutionNode = FALSE
	EndGlobalSection
	GlobalSection(ExtensibilityGlobals) = postSolution
		SolutionGuid = {A860266C-B2F7-4838-8B95-55275A4B51AC}
	EndGlobalSection
EndGlobal
